// !$*UTF8*$!
{
	archiveVersion = 1;
	classes = {
	};
	objectVersion = 46;
	objects = {

/* Begin PBXBuildFile section */
		6A6269304B63B02C3C5A3029 /* Pods_Baboon.framework in Frameworks */ = {isa = PBXBuildFile; fileRef = A76210163DB04B6DA3B1988B /* Pods_Baboon.framework */; };
		8B1417311E81A96500F46FB3 /* AppDelegate.swift in Sources */ = {isa = PBXBuildFile; fileRef = 8B1417301E81A96500F46FB3 /* AppDelegate.swift */; };
		8B1417331E81A96500F46FB3 /* LoadingController.swift in Sources */ = {isa = PBXBuildFile; fileRef = 8B1417321E81A96500F46FB3 /* LoadingController.swift */; };
		8B1417361E81A96500F46FB3 /* Main.storyboard in Resources */ = {isa = PBXBuildFile; fileRef = 8B1417341E81A96500F46FB3 /* Main.storyboard */; };
		8B1417431E81ABF000F46FB3 /* User.swift in Sources */ = {isa = PBXBuildFile; fileRef = 8B1417421E81ABF000F46FB3 /* User.swift */; };
		8B1417451E81AC2A00F46FB3 /* ApiRouter.swift in Sources */ = {isa = PBXBuildFile; fileRef = 8B1417441E81AC2A00F46FB3 /* ApiRouter.swift */; };
		8B1417471E81AC9100F46FB3 /* Constant.swift in Sources */ = {isa = PBXBuildFile; fileRef = 8B1417461E81AC9100F46FB3 /* Constant.swift */; };
		8B2CFF081E8407DB0068115A /* TFHpple.m in Sources */ = {isa = PBXBuildFile; fileRef = 8B2CFF031E8407DB0068115A /* TFHpple.m */; };
		8B2CFF091E8407DB0068115A /* TFHppleElement.m in Sources */ = {isa = PBXBuildFile; fileRef = 8B2CFF051E8407DB0068115A /* TFHppleElement.m */; };
		8B2CFF0A1E8407DB0068115A /* XPathQuery.m in Sources */ = {isa = PBXBuildFile; fileRef = 8B2CFF071E8407DB0068115A /* XPathQuery.m */; };
		8B2CFF0C1E8409DA0068115A /* libxml2.tbd in Frameworks */ = {isa = PBXBuildFile; fileRef = 8B2CFF0B1E8409DA0068115A /* libxml2.tbd */; };
		8B2CFF0E1E8409E40068115A /* libxml2.2.tbd in Frameworks */ = {isa = PBXBuildFile; fileRef = 8B2CFF0D1E8409E40068115A /* libxml2.2.tbd */; };
		8B2F39FD1E8296B70032D096 /* Images.xcassets in Resources */ = {isa = PBXBuildFile; fileRef = 8B2F39FC1E8296B70032D096 /* Images.xcassets */; };
		8B2F39FF1E829AD90032D096 /* Foundation.framework in Frameworks */ = {isa = PBXBuildFile; fileRef = 8B2F39FE1E829AD90032D096 /* Foundation.framework */; };
		8B2F3A011E829AE20032D096 /* UIKit.framework in Frameworks */ = {isa = PBXBuildFile; fileRef = 8B2F3A001E829AE20032D096 /* UIKit.framework */; };
		8B2F3A031E82A6D80032D096 /* Colors.swift in Sources */ = {isa = PBXBuildFile; fileRef = 8B2F3A021E82A6D80032D096 /* Colors.swift */; };
		8B2F3A0F1E82DEBF0032D096 /* Extensions.swift in Sources */ = {isa = PBXBuildFile; fileRef = 8B2F3A0E1E82DEBF0032D096 /* Extensions.swift */; };
		8B2F3A231E82ECD10032D096 /* DetailViewController.swift in Sources */ = {isa = PBXBuildFile; fileRef = 8B2F3A1C1E82ECD10032D096 /* DetailViewController.swift */; };
		8B2F3A241E82ECD10032D096 /* MenuItem.swift in Sources */ = {isa = PBXBuildFile; fileRef = 8B2F3A1D1E82ECD10032D096 /* MenuItem.swift */; };
		8B2F3A251E82ECD10032D096 /* MenuItemCell.swift in Sources */ = {isa = PBXBuildFile; fileRef = 8B2F3A1E1E82ECD10032D096 /* MenuItemCell.swift */; };
		8B2F3A261E82ECD10032D096 /* MenuViewController.swift in Sources */ = {isa = PBXBuildFile; fileRef = 8B2F3A1F1E82ECD10032D096 /* MenuViewController.swift */; };
		8B2F3A271E82ECD10032D096 /* PostListTableViewController.swift in Sources */ = {isa = PBXBuildFile; fileRef = 8B2F3A201E82ECD10032D096 /* PostListTableViewController.swift */; };
		8B2F3A281E82ECD10032D096 /* RootController.swift in Sources */ = {isa = PBXBuildFile; fileRef = 8B2F3A211E82ECD10032D096 /* RootController.swift */; };
		8B2F3A291E82ECD10032D096 /* TableViewController.swift in Sources */ = {isa = PBXBuildFile; fileRef = 8B2F3A221E82ECD10032D096 /* TableViewController.swift */; };
		8B2F3A2B1E8301F60032D096 /* Pacifico.ttf in Resources */ = {isa = PBXBuildFile; fileRef = 8B2F3A2A1E8301F60032D096 /* Pacifico.ttf */; };
/* End PBXBuildFile section */

/* Begin PBXFileReference section */
		247BC01B87A60F0CF68C893B /* Pods-Baboon.debug.xcconfig */ = {isa = PBXFileReference; includeInIndex = 1; lastKnownFileType = text.xcconfig; name = "Pods-Baboon.debug.xcconfig"; path = "Pods/Target Support Files/Pods-Baboon/Pods-Baboon.debug.xcconfig"; sourceTree = "<group>"; };
		8B14172D1E81A96500F46FB3 /* Baboon.app */ = {isa = PBXFileReference; explicitFileType = wrapper.application; includeInIndex = 0; path = Baboon.app; sourceTree = BUILT_PRODUCTS_DIR; };
		8B1417301E81A96500F46FB3 /* AppDelegate.swift */ = {isa = PBXFileReference; lastKnownFileType = sourcecode.swift; path = AppDelegate.swift; sourceTree = "<group>"; };
		8B1417321E81A96500F46FB3 /* LoadingController.swift */ = {isa = PBXFileReference; lastKnownFileType = sourcecode.swift; path = LoadingController.swift; sourceTree = "<group>"; };
		8B1417351E81A96500F46FB3 /* Base */ = {isa = PBXFileReference; lastKnownFileType = file.storyboard; name = Base; path = Base.lproj/Main.storyboard; sourceTree = "<group>"; };
		8B14173C1E81A96500F46FB3 /* Info.plist */ = {isa = PBXFileReference; lastKnownFileType = text.plist.xml; path = Info.plist; sourceTree = "<group>"; };
		8B1417421E81ABF000F46FB3 /* User.swift */ = {isa = PBXFileReference; fileEncoding = 4; lastKnownFileType = sourcecode.swift; path = User.swift; sourceTree = "<group>"; };
		8B1417441E81AC2A00F46FB3 /* ApiRouter.swift */ = {isa = PBXFileReference; fileEncoding = 4; lastKnownFileType = sourcecode.swift; path = ApiRouter.swift; sourceTree = "<group>"; };
		8B1417461E81AC9100F46FB3 /* Constant.swift */ = {isa = PBXFileReference; fileEncoding = 4; lastKnownFileType = sourcecode.swift; path = Constant.swift; sourceTree = "<group>"; };
		8B2CFF011E8407DB0068115A /* Baboon-Bridging-Header.h */ = {isa = PBXFileReference; lastKnownFileType = sourcecode.c.h; path = "Baboon-Bridging-Header.h"; sourceTree = "<group>"; };
		8B2CFF021E8407DB0068115A /* TFHpple.h */ = {isa = PBXFileReference; fileEncoding = 4; lastKnownFileType = sourcecode.c.h; path = TFHpple.h; sourceTree = "<group>"; };
		8B2CFF031E8407DB0068115A /* TFHpple.m */ = {isa = PBXFileReference; fileEncoding = 4; lastKnownFileType = sourcecode.c.objc; path = TFHpple.m; sourceTree = "<group>"; };
		8B2CFF041E8407DB0068115A /* TFHppleElement.h */ = {isa = PBXFileReference; fileEncoding = 4; lastKnownFileType = sourcecode.c.h; path = TFHppleElement.h; sourceTree = "<group>"; };
		8B2CFF051E8407DB0068115A /* TFHppleElement.m */ = {isa = PBXFileReference; fileEncoding = 4; lastKnownFileType = sourcecode.c.objc; path = TFHppleElement.m; sourceTree = "<group>"; };
		8B2CFF061E8407DB0068115A /* XPathQuery.h */ = {isa = PBXFileReference; fileEncoding = 4; lastKnownFileType = sourcecode.c.h; path = XPathQuery.h; sourceTree = "<group>"; };
		8B2CFF071E8407DB0068115A /* XPathQuery.m */ = {isa = PBXFileReference; fileEncoding = 4; lastKnownFileType = sourcecode.c.objc; path = XPathQuery.m; sourceTree = "<group>"; };
		8B2CFF0B1E8409DA0068115A /* libxml2.tbd */ = {isa = PBXFileReference; lastKnownFileType = "sourcecode.text-based-dylib-definition"; name = libxml2.tbd; path = usr/lib/libxml2.tbd; sourceTree = SDKROOT; };
		8B2CFF0D1E8409E40068115A /* libxml2.2.tbd */ = {isa = PBXFileReference; lastKnownFileType = "sourcecode.text-based-dylib-definition"; name = libxml2.2.tbd; path = usr/lib/libxml2.2.tbd; sourceTree = SDKROOT; };
		8B2F39FC1E8296B70032D096 /* Images.xcassets */ = {isa = PBXFileReference; lastKnownFileType = folder.assetcatalog; path = Images.xcassets; sourceTree = "<group>"; };
		8B2F39FE1E829AD90032D096 /* Foundation.framework */ = {isa = PBXFileReference; lastKnownFileType = wrapper.framework; name = Foundation.framework; path = System/Library/Frameworks/Foundation.framework; sourceTree = SDKROOT; };
		8B2F3A001E829AE20032D096 /* UIKit.framework */ = {isa = PBXFileReference; lastKnownFileType = wrapper.framework; name = UIKit.framework; path = System/Library/Frameworks/UIKit.framework; sourceTree = SDKROOT; };
		8B2F3A021E82A6D80032D096 /* Colors.swift */ = {isa = PBXFileReference; fileEncoding = 4; lastKnownFileType = sourcecode.swift; path = Colors.swift; sourceTree = "<group>"; };
		8B2F3A0E1E82DEBF0032D096 /* Extensions.swift */ = {isa = PBXFileReference; fileEncoding = 4; lastKnownFileType = sourcecode.swift; path = Extensions.swift; sourceTree = "<group>"; };
		8B2F3A1C1E82ECD10032D096 /* DetailViewController.swift */ = {isa = PBXFileReference; fileEncoding = 4; lastKnownFileType = sourcecode.swift; path = DetailViewController.swift; sourceTree = "<group>"; };
		8B2F3A1D1E82ECD10032D096 /* MenuItem.swift */ = {isa = PBXFileReference; fileEncoding = 4; lastKnownFileType = sourcecode.swift; path = MenuItem.swift; sourceTree = "<group>"; };
		8B2F3A1E1E82ECD10032D096 /* MenuItemCell.swift */ = {isa = PBXFileReference; fileEncoding = 4; lastKnownFileType = sourcecode.swift; path = MenuItemCell.swift; sourceTree = "<group>"; };
		8B2F3A1F1E82ECD10032D096 /* MenuViewController.swift */ = {isa = PBXFileReference; fileEncoding = 4; lastKnownFileType = sourcecode.swift; path = MenuViewController.swift; sourceTree = "<group>"; };
		8B2F3A201E82ECD10032D096 /* PostListTableViewController.swift */ = {isa = PBXFileReference; fileEncoding = 4; lastKnownFileType = sourcecode.swift; path = PostListTableViewController.swift; sourceTree = "<group>"; };
		8B2F3A211E82ECD10032D096 /* RootController.swift */ = {isa = PBXFileReference; fileEncoding = 4; lastKnownFileType = sourcecode.swift; path = RootController.swift; sourceTree = "<group>"; };
		8B2F3A221E82ECD10032D096 /* TableViewController.swift */ = {isa = PBXFileReference; fileEncoding = 4; lastKnownFileType = sourcecode.swift; path = TableViewController.swift; sourceTree = "<group>"; };
		8B2F3A2A1E8301F60032D096 /* Pacifico.ttf */ = {isa = PBXFileReference; lastKnownFileType = file; path = Pacifico.ttf; sourceTree = "<group>"; };
		A76210163DB04B6DA3B1988B /* Pods_Baboon.framework */ = {isa = PBXFileReference; explicitFileType = wrapper.framework; includeInIndex = 0; path = Pods_Baboon.framework; sourceTree = BUILT_PRODUCTS_DIR; };
		DAF2BD39D9B1E4BE6A823DD9 /* Pods-Baboon.release.xcconfig */ = {isa = PBXFileReference; includeInIndex = 1; lastKnownFileType = text.xcconfig; name = "Pods-Baboon.release.xcconfig"; path = "Pods/Target Support Files/Pods-Baboon/Pods-Baboon.release.xcconfig"; sourceTree = "<group>"; };
/* End PBXFileReference section */

/* Begin PBXFrameworksBuildPhase section */
		8B14172A1E81A96500F46FB3 /* Frameworks */ = {
			isa = PBXFrameworksBuildPhase;
			buildActionMask = 2147483647;
			files = (
				8B2CFF0E1E8409E40068115A /* libxml2.2.tbd in Frameworks */,
				8B2CFF0C1E8409DA0068115A /* libxml2.tbd in Frameworks */,
				8B2F3A011E829AE20032D096 /* UIKit.framework in Frameworks */,
				8B2F39FF1E829AD90032D096 /* Foundation.framework in Frameworks */,
				6A6269304B63B02C3C5A3029 /* Pods_Baboon.framework in Frameworks */,
			);
			runOnlyForDeploymentPostprocessing = 0;
		};
/* End PBXFrameworksBuildPhase section */

/* Begin PBXGroup section */
		8B1417241E81A96500F46FB3 = {
			isa = PBXGroup;
			children = (
				8B14172F1E81A96500F46FB3 /* Baboon */,
				8B14172E1E81A96500F46FB3 /* Products */,
				DB5E5F73725D6C51CDDF7755 /* Pods */,
				DA8936B94667280FC41C89A5 /* Frameworks */,
			);
			sourceTree = "<group>";
		};
		8B14172E1E81A96500F46FB3 /* Products */ = {
			isa = PBXGroup;
			children = (
				8B14172D1E81A96500F46FB3 /* Baboon.app */,
			);
			name = Products;
			sourceTree = "<group>";
		};
		8B14172F1E81A96500F46FB3 /* Baboon */ = {
			isa = PBXGroup;
			children = (
				8B2F39F51E8291800032D096 /* Api */,
				8B2F39FB1E8292C80032D096 /* Models */,
				8B2F39F61E8291890032D096 /* Controller */,
				8B2F39F71E8291EB0032D096 /* Views */,
				8B2F3A101E82DED10032D096 /* Misc */,
				8B2F39F91E8292890032D096 /* Resources */,
				8B2F39FA1E8292A60032D096 /* Supporting Files */,
				8B2CFF011E8407DB0068115A /* Baboon-Bridging-Header.h */,
			);
			path = Baboon;
			sourceTree = "<group>";
		};
		8B2CFF0F1E840ED20068115A /* TFHpple */ = {
			isa = PBXGroup;
			children = (
				8B2CFF021E8407DB0068115A /* TFHpple.h */,
				8B2CFF031E8407DB0068115A /* TFHpple.m */,
				8B2CFF041E8407DB0068115A /* TFHppleElement.h */,
				8B2CFF051E8407DB0068115A /* TFHppleElement.m */,
				8B2CFF061E8407DB0068115A /* XPathQuery.h */,
				8B2CFF071E8407DB0068115A /* XPathQuery.m */,
			);
			name = TFHpple;
			sourceTree = "<group>";
		};
		8B2F39F51E8291800032D096 /* Api */ = {
			isa = PBXGroup;
			children = (
				8B1417441E81AC2A00F46FB3 /* ApiRouter.swift */,
			);
			name = Api;
			sourceTree = "<group>";
		};
		8B2F39F61E8291890032D096 /* Controller */ = {
			isa = PBXGroup;
			children = (
				8B1417301E81A96500F46FB3 /* AppDelegate.swift */,
				8B1417321E81A96500F46FB3 /* LoadingController.swift */,
				8B2F3A211E82ECD10032D096 /* RootController.swift */,
				8B2F3A201E82ECD10032D096 /* PostListTableViewController.swift */,
				8B2F3A1F1E82ECD10032D096 /* MenuViewController.swift */,
				8B2F3A221E82ECD10032D096 /* TableViewController.swift */,
				8B2F3A1C1E82ECD10032D096 /* DetailViewController.swift */,
			);
			name = Controller;
			sourceTree = "<group>";
		};
		8B2F39F71E8291EB0032D096 /* Views */ = {
			isa = PBXGroup;
			children = (
				8B2F3A1E1E82ECD10032D096 /* MenuItemCell.swift */,
				8B2F39F81E82926C0032D096 /* Storyboards & Nibs */,
			);
			name = Views;
			sourceTree = "<group>";
		};
		8B2F39F81E82926C0032D096 /* Storyboards & Nibs */ = {
			isa = PBXGroup;
			children = (
				8B1417341E81A96500F46FB3 /* Main.storyboard */,
			);
			name = "Storyboards & Nibs";
			sourceTree = "<group>";
		};
		8B2F39F91E8292890032D096 /* Resources */ = {
			isa = PBXGroup;
			children = (
				8B2F39FC1E8296B70032D096 /* Images.xcassets */,
				8B2F3A021E82A6D80032D096 /* Colors.swift */,
				8B2F3A2A1E8301F60032D096 /* Pacifico.ttf */,
			);
			name = Resources;
			sourceTree = "<group>";
		};
		8B2F39FA1E8292A60032D096 /* Supporting Files */ = {
			isa = PBXGroup;
			children = (
				8B14173C1E81A96500F46FB3 /* Info.plist */,
			);
			name = "Supporting Files";
			sourceTree = "<group>";
		};
		8B2F39FB1E8292C80032D096 /* Models */ = {
			isa = PBXGroup;
			children = (
				8B1417421E81ABF000F46FB3 /* User.swift */,
				8B1417461E81AC9100F46FB3 /* Constant.swift */,
				8B2F3A1D1E82ECD10032D096 /* MenuItem.swift */,
				8B2CFF0F1E840ED20068115A /* TFHpple */,
			);
			name = Models;
			sourceTree = "<group>";
		};
		8B2F3A101E82DED10032D096 /* Misc */ = {
			isa = PBXGroup;
			children = (
				8B2F3A0E1E82DEBF0032D096 /* Extensions.swift */,
			);
			name = Misc;
			sourceTree = "<group>";
		};
		DA8936B94667280FC41C89A5 /* Frameworks */ = {
			isa = PBXGroup;
			children = (
				8B2CFF0D1E8409E40068115A /* libxml2.2.tbd */,
				8B2CFF0B1E8409DA0068115A /* libxml2.tbd */,
				8B2F3A001E829AE20032D096 /* UIKit.framework */,
				8B2F39FE1E829AD90032D096 /* Foundation.framework */,
				A76210163DB04B6DA3B1988B /* Pods_Baboon.framework */,
			);
			name = Frameworks;
			sourceTree = "<group>";
		};
		DB5E5F73725D6C51CDDF7755 /* Pods */ = {
			isa = PBXGroup;
			children = (
				247BC01B87A60F0CF68C893B /* Pods-Baboon.debug.xcconfig */,
				DAF2BD39D9B1E4BE6A823DD9 /* Pods-Baboon.release.xcconfig */,
			);
			name = Pods;
			sourceTree = "<group>";
		};
/* End PBXGroup section */

/* Begin PBXNativeTarget section */
		8B14172C1E81A96500F46FB3 /* Baboon */ = {
			isa = PBXNativeTarget;
			buildConfigurationList = 8B14173F1E81A96500F46FB3 /* Build configuration list for PBXNativeTarget "Baboon" */;
			buildPhases = (
				8054EA097DAC020F01698F17 /* [CP] Check Pods Manifest.lock */,
				8B1417291E81A96500F46FB3 /* Sources */,
				8B14172A1E81A96500F46FB3 /* Frameworks */,
				8B14172B1E81A96500F46FB3 /* Resources */,
				92D6F3640AC7E21BDE63EBDB /* [CP] Embed Pods Frameworks */,
				E238144BC61ADF7E2F4315DB /* [CP] Copy Pods Resources */,
			);
			buildRules = (
			);
			dependencies = (
			);
			name = Baboon;
			productName = Baboon;
			productReference = 8B14172D1E81A96500F46FB3 /* Baboon.app */;
			productType = "com.apple.product-type.application";
		};
/* End PBXNativeTarget section */

/* Begin PBXProject section */
		8B1417251E81A96500F46FB3 /* Project object */ = {
			isa = PBXProject;
			attributes = {
				LastSwiftUpdateCheck = 0820;
				LastUpgradeCheck = 0820;
				ORGANIZATIONNAME = Baboon;
				TargetAttributes = {
					8B14172C1E81A96500F46FB3 = {
						CreatedOnToolsVersion = 8.2.1;
						LastSwiftMigration = 0820;
						ProvisioningStyle = Automatic;
					};
				};
			};
			buildConfigurationList = 8B1417281E81A96500F46FB3 /* Build configuration list for PBXProject "Baboon" */;
			compatibilityVersion = "Xcode 3.2";
			developmentRegion = English;
			hasScannedForEncodings = 0;
			knownRegions = (
				en,
				Base,
			);
			mainGroup = 8B1417241E81A96500F46FB3;
			productRefGroup = 8B14172E1E81A96500F46FB3 /* Products */;
			projectDirPath = "";
			projectRoot = "";
			targets = (
				8B14172C1E81A96500F46FB3 /* Baboon */,
			);
		};
/* End PBXProject section */

/* Begin PBXResourcesBuildPhase section */
		8B14172B1E81A96500F46FB3 /* Resources */ = {
			isa = PBXResourcesBuildPhase;
			buildActionMask = 2147483647;
			files = (
				8B2F39FD1E8296B70032D096 /* Images.xcassets in Resources */,
				8B1417361E81A96500F46FB3 /* Main.storyboard in Resources */,
				8B2F3A2B1E8301F60032D096 /* Pacifico.ttf in Resources */,
			);
			runOnlyForDeploymentPostprocessing = 0;
		};
/* End PBXResourcesBuildPhase section */

/* Begin PBXShellScriptBuildPhase section */
		8054EA097DAC020F01698F17 /* [CP] Check Pods Manifest.lock */ = {
			isa = PBXShellScriptBuildPhase;
			buildActionMask = 2147483647;
			files = (
			);
			inputPaths = (
			);
			name = "[CP] Check Pods Manifest.lock";
			outputPaths = (
			);
			runOnlyForDeploymentPostprocessing = 0;
			shellPath = /bin/sh;
			shellScript = "diff \"${PODS_ROOT}/../Podfile.lock\" \"${PODS_ROOT}/Manifest.lock\" > /dev/null\nif [ $? != 0 ] ; then\n    # print error to STDERR\n    echo \"error: The sandbox is not in sync with the Podfile.lock. Run 'pod install' or update your CocoaPods installation.\" >&2\n    exit 1\nfi\n";
			showEnvVarsInLog = 0;
		};
		92D6F3640AC7E21BDE63EBDB /* [CP] Embed Pods Frameworks */ = {
			isa = PBXShellScriptBuildPhase;
			buildActionMask = 2147483647;
			files = (
			);
			inputPaths = (
			);
			name = "[CP] Embed Pods Frameworks";
			outputPaths = (
			);
			runOnlyForDeploymentPostprocessing = 0;
			shellPath = /bin/sh;
			shellScript = "\"${SRCROOT}/Pods/Target Support Files/Pods-Baboon/Pods-Baboon-frameworks.sh\"\n";
			showEnvVarsInLog = 0;
		};
		E238144BC61ADF7E2F4315DB /* [CP] Copy Pods Resources */ = {
			isa = PBXShellScriptBuildPhase;
			buildActionMask = 2147483647;
			files = (
			);
			inputPaths = (
			);
			name = "[CP] Copy Pods Resources";
			outputPaths = (
			);
			runOnlyForDeploymentPostprocessing = 0;
			shellPath = /bin/sh;
			shellScript = "\"${SRCROOT}/Pods/Target Support Files/Pods-Baboon/Pods-Baboon-resources.sh\"\n";
			showEnvVarsInLog = 0;
		};
/* End PBXShellScriptBuildPhase section */

/* Begin PBXSourcesBuildPhase section */
		8B1417291E81A96500F46FB3 /* Sources */ = {
			isa = PBXSourcesBuildPhase;
			buildActionMask = 2147483647;
			files = (
				8B2F3A231E82ECD10032D096 /* DetailViewController.swift in Sources */,
				8B2F3A251E82ECD10032D096 /* MenuItemCell.swift in Sources */,
				8B2F3A0F1E82DEBF0032D096 /* Extensions.swift in Sources */,
				8B1417331E81A96500F46FB3 /* LoadingController.swift in Sources */,
				8B2F3A281E82ECD10032D096 /* RootController.swift in Sources */,
				8B2F3A031E82A6D80032D096 /* Colors.swift in Sources */,
				8B1417451E81AC2A00F46FB3 /* ApiRouter.swift in Sources */,
				8B2F3A261E82ECD10032D096 /* MenuViewController.swift in Sources */,
				8B2CFF091E8407DB0068115A /* TFHppleElement.m in Sources */,
				8B2F3A271E82ECD10032D096 /* PostListTableViewController.swift in Sources */,
				8B1417471E81AC9100F46FB3 /* Constant.swift in Sources */,
				8B2CFF081E8407DB0068115A /* TFHpple.m in Sources */,
				8B1417311E81A96500F46FB3 /* AppDelegate.swift in Sources */,
				8B1417431E81ABF000F46FB3 /* User.swift in Sources */,
				8B2F3A291E82ECD10032D096 /* TableViewController.swift in Sources */,
				8B2F3A241E82ECD10032D096 /* MenuItem.swift in Sources */,
				8B2CFF0A1E8407DB0068115A /* XPathQuery.m in Sources */,
			);
			runOnlyForDeploymentPostprocessing = 0;
		};
/* End PBXSourcesBuildPhase section */

/* Begin PBXVariantGroup section */
		8B1417341E81A96500F46FB3 /* Main.storyboard */ = {
			isa = PBXVariantGroup;
			children = (
				8B1417351E81A96500F46FB3 /* Base */,
			);
			name = Main.storyboard;
			sourceTree = "<group>";
		};
/* End PBXVariantGroup section */

/* Begin XCBuildConfiguration section */
		8B14173D1E81A96500F46FB3 /* Debug */ = {
			isa = XCBuildConfiguration;
			buildSettings = {
				ALWAYS_SEARCH_USER_PATHS = NO;
				CLANG_ANALYZER_NONNULL = YES;
				CLANG_CXX_LANGUAGE_STANDARD = "gnu++0x";
				CLANG_CXX_LIBRARY = "libc++";
				CLANG_ENABLE_MODULES = YES;
				CLANG_ENABLE_OBJC_ARC = YES;
				CLANG_WARN_BOOL_CONVERSION = YES;
				CLANG_WARN_CONSTANT_CONVERSION = YES;
				CLANG_WARN_DIRECT_OBJC_ISA_USAGE = YES_ERROR;
				CLANG_WARN_DOCUMENTATION_COMMENTS = YES;
				CLANG_WARN_EMPTY_BODY = YES;
				CLANG_WARN_ENUM_CONVERSION = YES;
				CLANG_WARN_INFINITE_RECURSION = YES;
				CLANG_WARN_INT_CONVERSION = YES;
				CLANG_WARN_OBJC_ROOT_CLASS = YES_ERROR;
				CLANG_WARN_SUSPICIOUS_MOVE = YES;
				CLANG_WARN_UNREACHABLE_CODE = YES;
				CLANG_WARN__DUPLICATE_METHOD_MATCH = YES;
				"CODE_SIGN_IDENTITY[sdk=iphoneos*]" = "iPhone Developer";
				COPY_PHASE_STRIP = NO;
				DEBUG_INFORMATION_FORMAT = dwarf;
				ENABLE_STRICT_OBJC_MSGSEND = YES;
				ENABLE_TESTABILITY = YES;
				GCC_C_LANGUAGE_STANDARD = gnu99;
				GCC_DYNAMIC_NO_PIC = NO;
				GCC_NO_COMMON_BLOCKS = YES;
				GCC_OPTIMIZATION_LEVEL = 0;
				GCC_PREPROCESSOR_DEFINITIONS = (
					"DEBUG=1",
					"$(inherited)",
				);
				GCC_WARN_64_TO_32_BIT_CONVERSION = YES;
				GCC_WARN_ABOUT_RETURN_TYPE = YES_ERROR;
				GCC_WARN_UNDECLARED_SELECTOR = YES;
				GCC_WARN_UNINITIALIZED_AUTOS = YES_AGGRESSIVE;
				GCC_WARN_UNUSED_FUNCTION = YES;
				GCC_WARN_UNUSED_VARIABLE = YES;
				IPHONEOS_DEPLOYMENT_TARGET = 10.2;
				MTL_ENABLE_DEBUG_INFO = YES;
				ONLY_ACTIVE_ARCH = YES;
				SDKROOT = iphoneos;
				SWIFT_ACTIVE_COMPILATION_CONDITIONS = DEBUG;
				SWIFT_OPTIMIZATION_LEVEL = "-Onone";
			};
			name = Debug;
		};
		8B14173E1E81A96500F46FB3 /* Release */ = {
			isa = XCBuildConfiguration;
			buildSettings = {
				ALWAYS_SEARCH_USER_PATHS = NO;
				CLANG_ANALYZER_NONNULL = YES;
				CLANG_CXX_LANGUAGE_STANDARD = "gnu++0x";
				CLANG_CXX_LIBRARY = "libc++";
				CLANG_ENABLE_MODULES = YES;
				CLANG_ENABLE_OBJC_ARC = YES;
				CLANG_WARN_BOOL_CONVERSION = YES;
				CLANG_WARN_CONSTANT_CONVERSION = YES;
				CLANG_WARN_DIRECT_OBJC_ISA_USAGE = YES_ERROR;
				CLANG_WARN_DOCUMENTATION_COMMENTS = YES;
				CLANG_WARN_EMPTY_BODY = YES;
				CLANG_WARN_ENUM_CONVERSION = YES;
				CLANG_WARN_INFINITE_RECURSION = YES;
				CLANG_WARN_INT_CONVERSION = YES;
				CLANG_WARN_OBJC_ROOT_CLASS = YES_ERROR;
				CLANG_WARN_SUSPICIOUS_MOVE = YES;
				CLANG_WARN_UNREACHABLE_CODE = YES;
				CLANG_WARN__DUPLICATE_METHOD_MATCH = YES;
				"CODE_SIGN_IDENTITY[sdk=iphoneos*]" = "iPhone Developer";
				COPY_PHASE_STRIP = NO;
				DEBUG_INFORMATION_FORMAT = "dwarf-with-dsym";
				ENABLE_NS_ASSERTIONS = NO;
				ENABLE_STRICT_OBJC_MSGSEND = YES;
				GCC_C_LANGUAGE_STANDARD = gnu99;
				GCC_NO_COMMON_BLOCKS = YES;
				GCC_WARN_64_TO_32_BIT_CONVERSION = YES;
				GCC_WARN_ABOUT_RETURN_TYPE = YES_ERROR;
				GCC_WARN_UNDECLARED_SELECTOR = YES;
				GCC_WARN_UNINITIALIZED_AUTOS = YES_AGGRESSIVE;
				GCC_WARN_UNUSED_FUNCTION = YES;
				GCC_WARN_UNUSED_VARIABLE = YES;
				IPHONEOS_DEPLOYMENT_TARGET = 10.2;
				MTL_ENABLE_DEBUG_INFO = NO;
				SDKROOT = iphoneos;
				SWIFT_OPTIMIZATION_LEVEL = "-Owholemodule";
				VALIDATE_PRODUCT = YES;
			};
			name = Release;
		};
		8B1417401E81A96500F46FB3 /* Debug */ = {
			isa = XCBuildConfiguration;
			baseConfigurationReference = 247BC01B87A60F0CF68C893B /* Pods-Baboon.debug.xcconfig */;
			buildSettings = {
				ASSETCATALOG_COMPILER_APPICON_NAME = AppIcon;
				ASSETCATALOG_COMPILER_LAUNCHIMAGE_NAME = LaunchImage;
				CLANG_ENABLE_MODULES = YES;
				"HEADER_SEARCH_PATHS[arch=*]" = "$(SDKROOT)/usr/include/libxml2";
				INFOPLIST_FILE = Baboon/Info.plist;
				IPHONEOS_DEPLOYMENT_TARGET = 9.0;
				LD_RUNPATH_SEARCH_PATHS = "$(inherited) @executable_path/Frameworks";
				"OTHER_LDFLAGS[arch=*]" = "-lxml2";
				PRODUCT_BUNDLE_IDENTIFIER = com.Baboon.Baboon;
				PRODUCT_NAME = "$(TARGET_NAME)";
				SWIFT_OBJC_BRIDGING_HEADER = "Baboon/Baboon-Bridging-Header.h";
				SWIFT_OPTIMIZATION_LEVEL = "-Onone";
				SWIFT_VERSION = 3.0;
			};
			name = Debug;
		};
		8B1417411E81A96500F46FB3 /* Release */ = {
			isa = XCBuildConfiguration;
			baseConfigurationReference = DAF2BD39D9B1E4BE6A823DD9 /* Pods-Baboon.release.xcconfig */;
			buildSettings = {
				ASSETCATALOG_COMPILER_APPICON_NAME = AppIcon;
				ASSETCATALOG_COMPILER_LAUNCHIMAGE_NAME = LaunchImage;
				CLANG_ENABLE_MODULES = YES;
				"HEADER_SEARCH_PATHS[arch=*]" = "$(SDKROOT)/usr/include/libxml2";
				INFOPLIST_FILE = Baboon/Info.plist;
				IPHONEOS_DEPLOYMENT_TARGET = 9.0;
				LD_RUNPATH_SEARCH_PATHS = "$(inherited) @executable_path/Frameworks";
				"OTHER_LDFLAGS[arch=*]" = "-lxml2";
				PRODUCT_BUNDLE_IDENTIFIER = com.Baboon.Baboon;
				PRODUCT_NAME = "$(TARGET_NAME)";
				SWIFT_OBJC_BRIDGING_HEADER = "Baboon/Baboon-Bridging-Header.h";
				SWIFT_VERSION = 3.0;
			};
			name = Release;
		};
/* End XCBuildConfiguration section */

/* Begin XCConfigurationList section */
		8B1417281E81A96500F46FB3 /* Build configuration list for PBXProject "Baboon" */ = {
			isa = XCConfigurationList;
			buildConfigurations = (
				8B14173D1E81A96500F46FB3 /* Debug */,
				8B14173E1E81A96500F46FB3 /* Release */,
			);
			defaultConfigurationIsVisible = 0;
			defaultConfigurationName = Release;
		};
		8B14173F1E81A96500F46FB3 /* Build configuration list for PBXNativeTarget "Baboon" */ = {
			isa = XCConfigurationList;
			buildConfigurations = (
				8B1417401E81A96500F46FB3 /* Debug */,
				8B1417411E81A96500F46FB3 /* Release */,
			);
			defaultConfigurationIsVisible = 0;
			defaultConfigurationName = Release;
		};
/* End XCConfigurationList section */
	};
	rootObject = 8B1417251E81A96500F46FB3 /* Project object */;
}
